<?xml version="1.0" encoding="utf-8"?>
<Project ToolsVersion="4.0" xmlns="http://schemas.microsoft.com/developer/msbuild/2003">
  <ItemGroup>
    <ClCompile Include="entropy.cpp">
      <Filter>Source Files</Filter>
    </ClCompile>
    <ClCompile Include="fasta_file.cpp">
      <Filter>Source Files</Filter>
    </ClCompile>
    <ClCompile Include="lzma_wrapper.cpp">
      <Filter>Source Files</Filter>
    </ClCompile>
    <ClCompile Include="msa.cpp">
      <Filter>Source Files</Filter>
    </ClCompile>
    <ClCompile Include="pbwt.cpp">
      <Filter>Source Files</Filter>
    </ClCompile>
    <ClCompile Include="queue.cpp">
      <Filter>Source Files</Filter>
    </ClCompile>
    <ClCompile Include="rle.cpp">
      <Filter>Source Files</Filter>
    </ClCompile>
    <ClCompile Include="transpose.cpp">
      <Filter>Source Files</Filter>
    </ClCompile>
    <ClCompile Include="wfc.cpp">
      <Filter>Source Files</Filter>
    </ClCompile>
    <ClCompile Include="stockholm.cpp">
      <Filter>Source Files</Filter>
    </ClCompile>
    <ClCompile Include="mtf.cpp">
      <Filter>Source Files</Filter>
    </ClCompile>
    <ClCompile Include="CoMSA.cpp">
      <Filter>Source Files</Filter>
    </ClCompile>
  </ItemGroup>
  <ItemGroup>
    <ClInclude Include="defs.h">
      <Filter>Header Files</Filter>
    </ClInclude>
    <ClInclude Include="entropy.h">
      <Filter>Header Files</Filter>
    </ClInclude>
    <ClInclude Include="fasta_file.h">
      <Filter>Header Files</Filter>
    </ClInclude>
    <ClInclude Include="libs\lzma.h">
      <Filter>Header Files</Filter>
    </ClInclude>
    <ClInclude Include="lzma_wrapper.h">
      <Filter>Header Files</Filter>
    </ClInclude>
    <ClInclude Include="msa.h">
      <Filter>Header Files</Filter>
    </ClInclude>
    <ClInclude Include="pbwt.h">
      <Filter>Header Files</Filter>
    </ClInclude>
    <ClInclude Include="queue.h">
      <Filter>Header Files</Filter>
    </ClInclude>
    <ClInclude Include="rc.h">
      <Filter>Header Files</Filter>
    </ClInclude>
    <ClInclude Include="sub_rc.h">
      <Filter>Header Files</Filter>
    </ClInclude>
    <ClInclude Include="rle.h">
      <Filter>Header Files</Filter>
    </ClInclude>
    <ClInclude Include="transpose.h">
      <Filter>Header Files</Filter>
    </ClInclude>
    <ClInclude Include="wfc.h">
      <Filter>Header Files</Filter>
    </ClInclude>
    <ClInclude Include="stockholm.h">
      <Filter>Header Files</Filter>
    </ClInclude>
    <ClInclude Include="mtf.h">
      <Filter>Header Files</Filter>
    </ClInclude>
    <ClInclude Include="ss.h">
      <Filter>Header Files</Filter>
    </ClInclude>
    <ClInclude Include="libs\zconf.h">
      <Filter>Header Files</Filter>
    </ClInclude>
    <ClInclude Include="libs\zlib.h">
      <Filter>Header Files</Filter>
    </ClInclude>
  </ItemGroup>
  <ItemGroup>
    <Library Include="libs\Release\liblzma.lib" />
    <Library Include="libs\Release\zlibstat.lib" />
  </ItemGroup>
  <ItemGroup>
    <Text Include="ReadMe.txt" />
  </ItemGroup>
  <ItemGroup>
    <Filter Include="Header Files">
      <UniqueIdentifier>{dcb13a7c-69c8-44d7-8bc3-81e77c3bc9a2}</UniqueIdentifier>
    </Filter>
    <Filter Include="Source Files">
      <UniqueIdentifier>{7fe7b992-15f3-4bbe-baff-6c2bbc541a91}</UniqueIdentifier>
    </Filter>
  </ItemGroup>
</Project>